
Microsoft Visual Studio Solution File, Format Version 12.00
# Visual Studio 2013
VisualStudioVersion = 12.0.40629.0
MinimumVisualStudioVersion = 10.0.40219.1
Project("{FAE04EC0-301F-11D3-BF4B-00C04F79EFBC}") = "PetAdopt", "PetAdopt.csproj", "{55BD1F82-200F-40ED-9297-49683CAE00FE}"
EndProject
Project("{FAE04EC0-301F-11D3-BF4B-00C04F79EFBC}") = "AddAnimalData", "..\AddAnimalData\AddAnimalData.csproj", "{45D88C22-D7A6-4625-B891-087C82A399B2}"
EndProject
Global
	GlobalSection(SolutionConfigurationPlatforms) = preSolution
		Debug|Any CPU = Debug|Any CPU
		Release|Any CPU = Release|Any CPU
	EndGlobalSection
	GlobalSection(ProjectConfigurationPlatforms) = postSolution
		{55BD1F82-200F-40ED-9297-49683CAE00FE}.Debug|Any CPU.ActiveCfg = Debug|Any CPU
		{55BD1F82-200F-40ED-9297-49683CAE00FE}.Debug|Any CPU.Build.0 = Debug|Any CPU
		{55BD1F82-200F-40ED-9297-49683CAE00FE}.Release|Any CPU.ActiveCfg = Release|Any CPU
		{55BD1F82-200F-40ED-9297-49683CAE00FE}.Release|Any CPU.Build.0 = Release|Any CPU
		{45D88C22-D7A6-4625-B891-087C82A399B2}.Debug|Any CPU.ActiveCfg = Debug|Any CPU
		{45D88C22-D7A6-4625-B891-087C82A399B2}.Debug|Any CPU.Build.0 = Debug|Any CPU
		{45D88C22-D7A6-4625-B891-087C82A399B2}.Release|Any CPU.ActiveCfg = Release|Any CPU
		{45D88C22-D7A6-4625-B891-087C82A399B2}.Release|Any CPU.Build.0 = Release|Any CPU
	EndGlobalSection
	GlobalSection(SolutionProperties) = preSolution
		HideSolutionNode = FALSE
	EndGlobalSection
EndGlobal
